
Microsoft Visual Studio Solution File, Format Version 12.00
# Visual Studio Version 17
VisualStudioVersion = 17.7.34018.315
MinimumVisualStudioVersion = 10.0.40219.1
Project("{FAE04EC0-301F-11D3-BF4B-00C04F79EFBC}") = "InlamningMetod6.3", "InlamningMetod6.3\InlamningMetod6.3.csproj", "{8DA80D88-EC8C-41A4-A431-8AAE6E64BF1A}"
EndProject
Global
	GlobalSection(SolutionConfigurationPlatforms) = preSolution
		Debug|Any CPU = Debug|Any CPU
		Release|Any CPU = Release|Any CPU
	EndGlobalSection
	GlobalSection(ProjectConfigurationPlatforms) = postSolution
		{8DA80D88-EC8C-41A4-A431-8AAE6E64BF1A}.Debug|Any CPU.ActiveCfg = Debug|Any CPU
		{8DA80D88-EC8C-41A4-A431-8AAE6E64BF1A}.Debug|Any CPU.Build.0 = Debug|Any CPU
		{8DA80D88-EC8C-41A4-A431-8AAE6E64BF1A}.Release|Any CPU.ActiveCfg = Release|Any CPU
		{8DA80D88-EC8C-41A4-A431-8AAE6E64BF1A}.Release|Any CPU.Build.0 = Release|Any CPU
	EndGlobalSection
	GlobalSection(SolutionProperties) = preSolution
		HideSolutionNode = FALSE
	EndGlobalSection
	GlobalSection(ExtensibilityGlobals) = postSolution
		SolutionGuid = {50C36785-18D5-4362-97ED-14A7822D92E2}
	EndGlobalSection
EndGlobal
